
Microsoft Visual Studio Solution File, Format Version 12.00
# Visual Studio Version 17
VisualStudioVersion = 17.7.34031.279
MinimumVisualStudioVersion = 10.0.40219.1
Project("{FAE04EC0-301F-11D3-BF4B-00C04F79EFBC}") = "Homework 56 Dictionary C#", "Homework 56 Dictionary C#.csproj", "{835DD70C-A4A4-4981-9391-C364F02082C8}"
EndProject
Global
	GlobalSection(SolutionConfigurationPlatforms) = preSolution
		Debug|Any CPU = Debug|Any CPU
		Release|Any CPU = Release|Any CPU
	EndGlobalSection
	GlobalSection(ProjectConfigurationPlatforms) = postSolution
		{835DD70C-A4A4-4981-9391-C364F02082C8}.Debug|Any CPU.ActiveCfg = Debug|Any CPU
		{835DD70C-A4A4-4981-9391-C364F02082C8}.Debug|Any CPU.Build.0 = Debug|Any CPU
		{835DD70C-A4A4-4981-9391-C364F02082C8}.Release|Any CPU.ActiveCfg = Release|Any CPU
		{835DD70C-A4A4-4981-9391-C364F02082C8}.Release|Any CPU.Build.0 = Release|Any CPU
	EndGlobalSection
	GlobalSection(SolutionProperties) = preSolution
		HideSolutionNode = FALSE
	EndGlobalSection
	GlobalSection(ExtensibilityGlobals) = postSolution
		SolutionGuid = {3CC23B2D-0231-4971-89AA-4D8DEE7AD41E}
	EndGlobalSection
EndGlobal
